
Microsoft Visual Studio Solution File, Format Version 12.00
# Visual Studio Version 18
VisualStudioVersion = 18.0.11222.15 d18.0
MinimumVisualStudioVersion = 10.0.40219.1
Project("{FAE04EC0-301F-11D3-BF4B-00C04F79EFBC}") = "ReminderApp.Api", "ReminderApp.Api.csproj", "{5F6F4277-BFE3-BC54-4AE4-7745A8F62987}"
EndProject
Global
	GlobalSection(SolutionConfigurationPlatforms) = preSolution
		Debug|Any CPU = Debug|Any CPU
		Release|Any CPU = Release|Any CPU
	EndGlobalSection
	GlobalSection(ProjectConfigurationPlatforms) = postSolution
		{5F6F4277-BFE3-BC54-4AE4-7745A8F62987}.Debug|Any CPU.ActiveCfg = Debug|Any CPU
		{5F6F4277-BFE3-BC54-4AE4-7745A8F62987}.Debug|Any CPU.Build.0 = Debug|Any CPU
		{5F6F4277-BFE3-BC54-4AE4-7745A8F62987}.Release|Any CPU.ActiveCfg = Release|Any CPU
		{5F6F4277-BFE3-BC54-4AE4-7745A8F62987}.Release|Any CPU.Build.0 = Release|Any CPU
	EndGlobalSection
	GlobalSection(SolutionProperties) = preSolution
		HideSolutionNode = FALSE
	EndGlobalSection
	GlobalSection(ExtensibilityGlobals) = postSolution
		SolutionGuid = {332963FC-F462-4952-B43D-09C5077158AA}
	EndGlobalSection
EndGlobal
